
Microsoft Visual Studio Solution File, Format Version 12.00
# Visual Studio Version 17
VisualStudioVersion = 17.6.33829.357
MinimumVisualStudioVersion = 10.0.40219.1
Project("{FAE04EC0-301F-11D3-BF4B-00C04F79EFBC}") = "Simple Exercise Tracker.UWP", "Simple Exercise Tracker\Simple Exercise Tracker.UWP\Simple Exercise Tracker.UWP.csproj", "{ECC63AF1-EC8F-4930-8EC9-81E3322C68BA}"
EndProject
Project("{FAE04EC0-301F-11D3-BF4B-00C04F79EFBC}") = "Simple Exercise Tracker.Android", "Simple Exercise Tracker\Simple Exercise Tracker.Android\Simple Exercise Tracker.Android.csproj", "{A50E3C67-C879-415B-9C81-63743358D269}"
EndProject
Project("{FAE04EC0-301F-11D3-BF4B-00C04F79EFBC}") = "Simple Exercise Tracker.iOS", "Simple Exercise Tracker\Simple Exercise Tracker.iOS\Simple Exercise Tracker.iOS.csproj", "{021744E6-D11D-49C9-8C80-F983CCF9C1DF}"
EndProject
Project("{FAE04EC0-301F-11D3-BF4B-00C04F79EFBC}") = "Simple Exercise Tracker", "Simple Exercise Tracker\Simple Exercise Tracker\Simple Exercise Tracker.csproj", "{13A84EA3-00D9-479F-B692-5E9E36A3FFA7}"
EndProject
Global
	GlobalSection(SolutionConfigurationPlatforms) = preSolution
		Debug|Any CPU = Debug|Any CPU
		Debug|ARM = Debug|ARM
		Debug|iPhone = Debug|iPhone
		Debug|iPhoneSimulator = Debug|iPhoneSimulator
		Debug|x64 = Debug|x64
		Debug|x86 = Debug|x86
		Release|Any CPU = Release|Any CPU
		Release|ARM = Release|ARM
		Release|iPhone = Release|iPhone
		Release|iPhoneSimulator = Release|iPhoneSimulator
		Release|x64 = Release|x64
		Release|x86 = Release|x86
	EndGlobalSection
	GlobalSection(ProjectConfigurationPlatforms) = postSolution
		{ECC63AF1-EC8F-4930-8EC9-81E3322C68BA}.Debug|Any CPU.ActiveCfg = Debug|x64
		{ECC63AF1-EC8F-4930-8EC9-81E3322C68BA}.Debug|Any CPU.Build.0 = Debug|x64
		{ECC63AF1-EC8F-4930-8EC9-81E3322C68BA}.Debug|Any CPU.Deploy.0 = Debug|x64
		{ECC63AF1-EC8F-4930-8EC9-81E3322C68BA}.Debug|ARM.ActiveCfg = Debug|ARM
		{ECC63AF1-EC8F-4930-8EC9-81E3322C68BA}.Debug|ARM.Build.0 = Debug|ARM
		{ECC63AF1-EC8F-4930-8EC9-81E3322C68BA}.Debug|ARM.Deploy.0 = Debug|ARM
		{ECC63AF1-EC8F-4930-8EC9-81E3322C68BA}.Debug|iPhone.ActiveCfg = Debug|x64
		{ECC63AF1-EC8F-4930-8EC9-81E3322C68BA}.Debug|iPhone.Build.0 = Debug|x64
		{ECC63AF1-EC8F-4930-8EC9-81E3322C68BA}.Debug|iPhone.Deploy.0 = Debug|x64
		{ECC63AF1-EC8F-4930-8EC9-81E3322C68BA}.Debug|iPhoneSimulator.ActiveCfg = Debug|x64
		{ECC63AF1-EC8F-4930-8EC9-81E3322C68BA}.Debug|iPhoneSimulator.Build.0 = Debug|x64
		{ECC63AF1-EC8F-4930-8EC9-81E3322C68BA}.Debug|iPhoneSimulator.Deploy.0 = Debug|x64
		{ECC63AF1-EC8F-4930-8EC9-81E3322C68BA}.Debug|x64.ActiveCfg = Debug|x64
		{ECC63AF1-EC8F-4930-8EC9-81E3322C68BA}.Debug|x64.Build.0 = Debug|x64
		{ECC63AF1-EC8F-4930-8EC9-81E3322C68BA}.Debug|x64.Deploy.0 = Debug|x64
		{ECC63AF1-EC8F-4930-8EC9-81E3322C68BA}.Debug|x86.ActiveCfg = Debug|x86
		{ECC63AF1-EC8F-4930-8EC9-81E3322C68BA}.Debug|x86.Build.0 = Debug|x86
		{ECC63AF1-EC8F-4930-8EC9-81E3322C68BA}.Debug|x86.Deploy.0 = Debug|x86
		{ECC63AF1-EC8F-4930-8EC9-81E3322C68BA}.Release|Any CPU.ActiveCfg = Release|x64
		{ECC63AF1-EC8F-4930-8EC9-81E3322C68BA}.Release|Any CPU.Build.0 = Release|x64
		{ECC63AF1-EC8F-4930-8EC9-81E3322C68BA}.Release|Any CPU.Deploy.0 = Release|x64
		{ECC63AF1-EC8F-4930-8EC9-81E3322C68BA}.Release|ARM.ActiveCfg = Release|ARM
		{ECC63AF1-EC8F-4930-8EC9-81E3322C68BA}.Release|ARM.Build.0 = Release|ARM
		{ECC63AF1-EC8F-4930-8EC9-81E3322C68BA}.Release|ARM.Deploy.0 = Release|ARM
		{ECC63AF1-EC8F-4930-8EC9-81E3322C68BA}.Release|iPhone.ActiveCfg = Release|x64
		{ECC63AF1-EC8F-4930-8EC9-81E3322C68BA}.Release|iPhone.Build.0 = Release|x64
		{ECC63AF1-EC8F-4930-8EC9-81E3322C68BA}.Release|iPhone.Deploy.0 = Release|x64
		{ECC63AF1-EC8F-4930-8EC9-81E3322C68BA}.Release|iPhoneSimulator.ActiveCfg = Release|x64
		{ECC63AF1-EC8F-4930-8EC9-81E3322C68BA}.Release|iPhoneSimulator.Build.0 = Release|x64
		{ECC63AF1-EC8F-4930-8EC9-81E3322C68BA}.Release|iPhoneSimulator.Deploy.0 = Release|x64
		{ECC63AF1-EC8F-4930-8EC9-81E3322C68BA}.Release|x64.ActiveCfg = Release|x64
		{ECC63AF1-EC8F-4930-8EC9-81E3322C68BA}.Release|x64.Build.0 = Release|x64
		{ECC63AF1-EC8F-4930-8EC9-81E3322C68BA}.Release|x64.Deploy.0 = Release|x64
		{ECC63AF1-EC8F-4930-8EC9-81E3322C68BA}.Release|x86.ActiveCfg = Release|x86
		{ECC63AF1-EC8F-4930-8EC9-81E3322C68BA}.Release|x86.Build.0 = Release|x86
		{ECC63AF1-EC8F-4930-8EC9-81E3322C68BA}.Release|x86.Deploy.0 = Release|x86
		{A50E3C67-C879-415B-9C81-63743358D269}.Debug|Any CPU.ActiveCfg = Debug|Any CPU
		{A50E3C67-C879-415B-9C81-63743358D269}.Debug|Any CPU.Build.0 = Debug|Any CPU
		{A50E3C67-C879-415B-9C81-63743358D269}.Debug|Any CPU.Deploy.0 = Debug|Any CPU
		{A50E3C67-C879-415B-9C81-63743358D269}.Debug|ARM.ActiveCfg = Debug|Any CPU
		{A50E3C67-C879-415B-9C81-63743358D269}.Debug|ARM.Build.0 = Debug|Any CPU
		{A50E3C67-C879-415B-9C81-63743358D269}.Debug|ARM.Deploy.0 = Debug|Any CPU
		{A50E3C67-C879-415B-9C81-63743358D269}.Debug|iPhone.ActiveCfg = Debug|Any CPU
		{A50E3C67-C879-415B-9C81-63743358D269}.Debug|iPhone.Build.0 = Debug|Any CPU
		{A50E3C67-C879-415B-9C81-63743358D269}.Debug|iPhone.Deploy.0 = Debug|Any CPU
		{A50E3C67-C879-415B-9C81-63743358D269}.Debug|iPhoneSimulator.ActiveCfg = Debug|Any CPU
		{A50E3C67-C879-415B-9C81-63743358D269}.Debug|iPhoneSimulator.Build.0 = Debug|Any CPU
		{A50E3C67-C879-415B-9C81-63743358D269}.Debug|iPhoneSimulator.Deploy.0 = Debug|Any CPU
		{A50E3C67-C879-415B-9C81-63743358D269}.Debug|x64.ActiveCfg = Debug|Any CPU
		{A50E3C67-C879-415B-9C81-63743358D269}.Debug|x64.Build.0 = Debug|Any CPU
		{A50E3C67-C879-415B-9C81-63743358D269}.Debug|x64.Deploy.0 = Debug|Any CPU
		{A50E3C67-C879-415B-9C81-63743358D269}.Debug|x86.ActiveCfg = Debug|Any CPU
		{A50E3C67-C879-415B-9C81-63743358D269}.Debug|x86.Build.0 = Debug|Any CPU
		{A50E3C67-C879-415B-9C81-63743358D269}.Debug|x86.Deploy.0 = Debug|Any CPU
		{A50E3C67-C879-415B-9C81-63743358D269}.Release|Any CPU.ActiveCfg = Release|Any CPU
		{A50E3C67-C879-415B-9C81-63743358D269}.Release|Any CPU.Build.0 = Release|Any CPU
		{A50E3C67-C879-415B-9C81-63743358D269}.Release|Any CPU.Deploy.0 = Release|Any CPU
		{A50E3C67-C879-415B-9C81-63743358D269}.Release|ARM.ActiveCfg = Release|Any CPU
		{A50E3C67-C879-415B-9C81-63743358D269}.Release|ARM.Build.0 = Release|Any CPU
		{A50E3C67-C879-415B-9C81-63743358D269}.Release|ARM.Deploy.0 = Release|Any CPU
		{A50E3C67-C879-415B-9C81-63743358D269}.Release|iPhone.ActiveCfg = Release|Any CPU
		{A50E3C67-C879-415B-9C81-63743358D269}.Release|iPhone.Build.0 = Release|Any CPU
		{A50E3C67-C879-415B-9C81-63743358D269}.Release|iPhone.Deploy.0 = Release|Any CPU
		{A50E3C67-C879-415B-9C81-63743358D269}.Release|iPhoneSimulator.ActiveCfg = Release|Any CPU
		{A50E3C67-C879-415B-9C81-63743358D269}.Release|iPhoneSimulator.Build.0 = Release|Any CPU
		{A50E3C67-C879-415B-9C81-63743358D269}.Release|iPhoneSimulator.Deploy.0 = Release|Any CPU
		{A50E3C67-C879-415B-9C81-63743358D269}.Release|x64.ActiveCfg = Release|Any CPU
		{A50E3C67-C879-415B-9C81-63743358D269}.Release|x64.Build.0 = Release|Any CPU
		{A50E3C67-C879-415B-9C81-63743358D269}.Release|x64.Deploy.0 = Release|Any CPU
		{A50E3C67-C879-415B-9C81-63743358D269}.Release|x86.ActiveCfg = Release|Any CPU
		{A50E3C67-C879-415B-9C81-63743358D269}.Release|x86.Build.0 = Release|Any CPU
		{A50E3C67-C879-415B-9C81-63743358D269}.Release|x86.Deploy.0 = Release|Any CPU
		{021744E6-D11D-49C9-8C80-F983CCF9C1DF}.Debug|Any CPU.ActiveCfg = Debug|iPhoneSimulator
		{021744E6-D11D-49C9-8C80-F983CCF9C1DF}.Debug|Any CPU.Build.0 = Debug|iPhoneSimulator
		{021744E6-D11D-49C9-8C80-F983CCF9C1DF}.Debug|Any CPU.Deploy.0 = Debug|iPhoneSimulator
		{021744E6-D11D-49C9-8C80-F983CCF9C1DF}.Debug|ARM.ActiveCfg = Debug|iPhoneSimulator
		{021744E6-D11D-49C9-8C80-F983CCF9C1DF}.Debug|ARM.Build.0 = Debug|iPhoneSimulator
		{021744E6-D11D-49C9-8C80-F983CCF9C1DF}.Debug|ARM.Deploy.0 = Debug|iPhoneSimulator
		{021744E6-D11D-49C9-8C80-F983CCF9C1DF}.Debug|iPhone.ActiveCfg = Debug|iPhone
		{021744E6-D11D-49C9-8C80-F983CCF9C1DF}.Debug|iPhone.Build.0 = Debug|iPhone
		{021744E6-D11D-49C9-8C80-F983CCF9C1DF}.Debug|iPhone.Deploy.0 = Debug|iPhone
		{021744E6-D11D-49C9-8C80-F983CCF9C1DF}.Debug|iPhoneSimulator.ActiveCfg = Debug|iPhoneSimulator
		{021744E6-D11D-49C9-8C80-F983CCF9C1DF}.Debug|iPhoneSimulator.Build.0 = Debug|iPhoneSimulator
		{021744E6-D11D-49C9-8C80-F983CCF9C1DF}.Debug|iPhoneSimulator.Deploy.0 = Debug|iPhoneSimulator
		{021744E6-D11D-49C9-8C80-F983CCF9C1DF}.Debug|x64.ActiveCfg = Debug|iPhone
		{021744E6-D11D-49C9-8C80-F983CCF9C1DF}.Debug|x64.Build.0 = Debug|iPhone
		{021744E6-D11D-49C9-8C80-F983CCF9C1DF}.Debug|x64.Deploy.0 = Debug|iPhone
		{021744E6-D11D-49C9-8C80-F983CCF9C1DF}.Debug|x86.ActiveCfg = Debug|iPhoneSimulator
		{021744E6-D11D-49C9-8C80-F983CCF9C1DF}.Debug|x86.Build.0 = Debug|iPhoneSimulator
		{021744E6-D11D-49C9-8C80-F983CCF9C1DF}.Debug|x86.Deploy.0 = Debug|iPhoneSimulator
		{021744E6-D11D-49C9-8C80-F983CCF9C1DF}.Release|Any CPU.ActiveCfg = Release|iPhoneSimulator
		{021744E6-D11D-49C9-8C80-F983CCF9C1DF}.Release|Any CPU.Build.0 = Release|iPhoneSimulator
		{021744E6-D11D-49C9-8C80-F983CCF9C1DF}.Release|Any CPU.Deploy.0 = Release|iPhoneSimulator
		{021744E6-D11D-49C9-8C80-F983CCF9C1DF}.Release|ARM.ActiveCfg = Release|iPhoneSimulator
		{021744E6-D11D-49C9-8C80-F983CCF9C1DF}.Release|ARM.Build.0 = Release|iPhoneSimulator
		{021744E6-D11D-49C9-8C80-F983CCF9C1DF}.Release|ARM.Deploy.0 = Release|iPhoneSimulator
		{021744E6-D11D-49C9-8C80-F983CCF9C1DF}.Release|iPhone.ActiveCfg = Release|iPhone
		{021744E6-D11D-49C9-8C80-F983CCF9C1DF}.Release|iPhone.Build.0 = Release|iPhone
		{021744E6-D11D-49C9-8C80-F983CCF9C1DF}.Release|iPhone.Deploy.0 = Release|iPhone
		{021744E6-D11D-49C9-8C80-F983CCF9C1DF}.Release|iPhoneSimulator.ActiveCfg = Release|iPhoneSimulator
		{021744E6-D11D-49C9-8C80-F983CCF9C1DF}.Release|iPhoneSimulator.Build.0 = Release|iPhoneSimulator
		{021744E6-D11D-49C9-8C80-F983CCF9C1DF}.Release|iPhoneSimulator.Deploy.0 = Release|iPhoneSimulator
		{021744E6-D11D-49C9-8C80-F983CCF9C1DF}.Release|x64.ActiveCfg = Release|iPhoneSimulator
		{021744E6-D11D-49C9-8C80-F983CCF9C1DF}.Release|x64.Build.0 = Release|iPhoneSimulator
		{021744E6-D11D-49C9-8C80-F983CCF9C1DF}.Release|x64.Deploy.0 = Release|iPhoneSimulator
		{021744E6-D11D-49C9-8C80-F983CCF9C1DF}.Release|x86.ActiveCfg = Release|iPhoneSimulator
		{021744E6-D11D-49C9-8C80-F983CCF9C1DF}.Release|x86.Build.0 = Release|iPhoneSimulator
		{021744E6-D11D-49C9-8C80-F983CCF9C1DF}.Release|x86.Deploy.0 = Release|iPhoneSimulator
		{13A84EA3-00D9-479F-B692-5E9E36A3FFA7}.Debug|Any CPU.ActiveCfg = Debug|Any CPU
		{13A84EA3-00D9-479F-B692-5E9E36A3FFA7}.Debug|Any CPU.Build.0 = Debug|Any CPU
		{13A84EA3-00D9-479F-B692-5E9E36A3FFA7}.Debug|Any CPU.Deploy.0 = Debug|Any CPU
		{13A84EA3-00D9-479F-B692-5E9E36A3FFA7}.Debug|ARM.ActiveCfg = Debug|Any CPU
		{13A84EA3-00D9-479F-B692-5E9E36A3FFA7}.Debug|ARM.Build.0 = Debug|Any CPU
		{13A84EA3-00D9-479F-B692-5E9E36A3FFA7}.Debug|ARM.Deploy.0 = Debug|Any CPU
		{13A84EA3-00D9-479F-B692-5E9E36A3FFA7}.Debug|iPhone.ActiveCfg = Debug|Any CPU
		{13A84EA3-00D9-479F-B692-5E9E36A3FFA7}.Debug|iPhone.Build.0 = Debug|Any CPU
		{13A84EA3-00D9-479F-B692-5E9E36A3FFA7}.Debug|iPhone.Deploy.0 = Debug|Any CPU
		{13A84EA3-00D9-479F-B692-5E9E36A3FFA7}.Debug|iPhoneSimulator.ActiveCfg = Debug|Any CPU
		{13A84EA3-00D9-479F-B692-5E9E36A3FFA7}.Debug|iPhoneSimulator.Build.0 = Debug|Any CPU
		{13A84EA3-00D9-479F-B692-5E9E36A3FFA7}.Debug|iPhoneSimulator.Deploy.0 = Debug|Any CPU
		{13A84EA3-00D9-479F-B692-5E9E36A3FFA7}.Debug|x64.ActiveCfg = Debug|Any CPU
		{13A84EA3-00D9-479F-B692-5E9E36A3FFA7}.Debug|x64.Build.0 = Debug|Any CPU
		{13A84EA3-00D9-479F-B692-5E9E36A3FFA7}.Debug|x64.Deploy.0 = Debug|Any CPU
		{13A84EA3-00D9-479F-B692-5E9E36A3FFA7}.Debug|x86.ActiveCfg = Debug|Any CPU
		{13A84EA3-00D9-479F-B692-5E9E36A3FFA7}.Debug|x86.Build.0 = Debug|Any CPU
		{13A84EA3-00D9-479F-B692-5E9E36A3FFA7}.Debug|x86.Deploy.0 = Debug|Any CPU
		{13A84EA3-00D9-479F-B692-5E9E36A3FFA7}.Release|Any CPU.ActiveCfg = Release|Any CPU
		{13A84EA3-00D9-479F-B692-5E9E36A3FFA7}.Release|Any CPU.Build.0 = Release|Any CPU
		{13A84EA3-00D9-479F-B692-5E9E36A3FFA7}.Release|Any CPU.Deploy.0 = Release|Any CPU
		{13A84EA3-00D9-479F-B692-5E9E36A3FFA7}.Release|ARM.ActiveCfg = Release|Any CPU
		{13A84EA3-00D9-479F-B692-5E9E36A3FFA7}.Release|ARM.Build.0 = Release|Any CPU
		{13A84EA3-00D9-479F-B692-5E9E36A3FFA7}.Release|ARM.Deploy.0 = Release|Any CPU
		{13A84EA3-00D9-479F-B692-5E9E36A3FFA7}.Release|iPhone.ActiveCfg = Release|Any CPU
		{13A84EA3-00D9-479F-B692-5E9E36A3FFA7}.Release|iPhone.Build.0 = Release|Any CPU
		{13A84EA3-00D9-479F-B692-5E9E36A3FFA7}.Release|iPhone.Deploy.0 = Release|Any CPU
		{13A84EA3-00D9-479F-B692-5E9E36A3FFA7}.Release|iPhoneSimulator.ActiveCfg = Release|Any CPU
		{13A84EA3-00D9-479F-B692-5E9E36A3FFA7}.Release|iPhoneSimulator.Build.0 = Release|Any CPU
		{13A84EA3-00D9-479F-B692-5E9E36A3FFA7}.Release|iPhoneSimulator.Deploy.0 = Release|Any CPU
		{13A84EA3-00D9-479F-B692-5E9E36A3FFA7}.Release|x64.ActiveCfg = Release|Any CPU
		{13A84EA3-00D9-479F-B692-5E9E36A3FFA7}.Release|x64.Build.0 = Release|Any CPU
		{13A84EA3-00D9-479F-B692-5E9E36A3FFA7}.Release|x64.Deploy.0 = Release|Any CPU
		{13A84EA3-00D9-479F-B692-5E9E36A3FFA7}.Release|x86.ActiveCfg = Release|Any CPU
		{13A84EA3-00D9-479F-B692-5E9E36A3FFA7}.Release|x86.Build.0 = Release|Any CPU
		{13A84EA3-00D9-479F-B692-5E9E36A3FFA7}.Release|x86.Deploy.0 = Release|Any CPU
	EndGlobalSection
	GlobalSection(SolutionProperties) = preSolution
		HideSolutionNode = FALSE
	EndGlobalSection
	GlobalSection(ExtensibilityGlobals) = postSolution
		SolutionGuid = {1D5EE4B3-7842-463D-A2A5-651B46259155}
	EndGlobalSection
EndGlobal
